{
    "_meta": {
        "hash": {
            "sha256": "9dde8df1f5988c19617df44cb4ee9eb464017768bfbf3fc14b617267d596558d"
        },
        "pipfile-spec": 6,
        "requires": {
            "python_version": "3.8"
        },
        "sources": [
            {
                "name": "pypi",
                "url": "https://pypi.org/simple",
                "verify_ssl": true
            }
        ]
    },
    "default": {
        "aioserial": {
            "hashes": [
                "sha256:3018a083d370365aea9665fe0756fd0bf84871b0f857139c90590939341f1220",
                "sha256:6f2ef198d2c944dffb12e0ed560222004f0d35d34b4279e26523fd207de45ff7"
            ],
            "index": "pypi",
            "version": "==1.3.0"
        },
        "gurux-dlms": {
            "hashes": [
                "sha256:71a6f47e2b1526ac8ab10d0c0ee00fd819d758103dd3c4f5590ff67e2df2ad41",
                "sha256:82c78a70f3650e094007128ef6a9102aeabb366c4363a96847652212985bee33"
            ],
            "index": "pypi",
            "version": "==1.0.104"
        },
        "pyserial": {
            "hashes": [
                "sha256:3c77e014170dfffbd816e6ffc205e9842efb10be9f58ec16d3e8675b4925cddb",
                "sha256:c4451db6ba391ca6ca299fb3ec7bae67a5c55dde170964c7a14ceefec02f2cf0"
            ],
            "version": "==3.5"
        }
    },
    "develop": {
        "autopep8": {
            "hashes": [
                "sha256:276ced7e9e3cb22e5d7c14748384a5cf5d9002257c0ed50c0e075b68011bb6d0",
                "sha256:aa213493c30dcdac99537249ee65b24af0b2c29f2e83cd8b3f68760441ed0db9"
            ],
            "index": "pypi",
            "version": "==1.5.7"
        },
        "pycodestyle": {
            "hashes": [
                "sha256:514f76d918fcc0b55c6680472f0a37970994e07bbb80725808c17089be302068",
                "sha256:c389c1d06bf7904078ca03399a4816f974a1d590090fecea0c63ec26ebaf1cef"
            ],
            "markers": "python_version >= '2.7' and python_version not in '3.0, 3.1, 3.2, 3.3'",
            "version": "==2.7.0"
        },
        "toml": {
            "hashes": [
                "sha256:806143ae5bfb6a3c6e736a764057db0e6a0e05e338b5630894a5f779cabb4f9b",
                "sha256:b3bda1d108d5dd99f4a20d24d9c348e91c4db7ab1b749200bded2f839ccbe68f"
            ],
            "markers": "python_version >= '2.6' and python_version not in '3.0, 3.1, 3.2, 3.3'",
            "version": "==0.10.2"
        }
    }
}
